
Microsoft Visual Studio Solution File, Format Version 12.00
# Visual Studio 2012
Project("{FAE04EC0-301F-11D3-BF4B-00C04F79EFBC}") = "NHibernate.MiniProfiler.MySql", "NHibernate.MiniProfiler.MySql\NHibernate.MiniProfiler.MySql.csproj", "{D2B408E2-CFFD-4F9A-96BF-5FE9F4C79864}"
EndProject
Project("{FAE04EC0-301F-11D3-BF4B-00C04F79EFBC}") = "NHibernate.MiniProfiler.MySql.Tests", "NHibernate.MiniProfiler.MySql.Tests\NHibernate.MiniProfiler.MySql.Tests.csproj", "{3CE6C120-1103-42BC-951C-EF41D31FD677}"
EndProject
Project("{2150E333-8FDC-42A3-9474-1A3956D46DE8}") = "Solution Items", "Solution Items", "{7B719CD6-6AAB-4F2B-A4F4-886EBFC527DF}"
	ProjectSection(SolutionItems) = preProject
		LICENSE.md = LICENSE.md
		README.md = README.md
	EndProjectSection
EndProject
Project("{2150E333-8FDC-42A3-9474-1A3956D46DE8}") = ".nuget", ".nuget", "{D8A2B14C-E612-4A07-8F2F-A38D63F9B19C}"
	ProjectSection(SolutionItems) = preProject
		.nuget\NuGet.Config = .nuget\NuGet.Config
		.nuget\NuGet.exe = .nuget\NuGet.exe
		.nuget\NuGet.targets = .nuget\NuGet.targets
	EndProjectSection
EndProject
Global
	GlobalSection(SolutionConfigurationPlatforms) = preSolution
		Debug|Any CPU = Debug|Any CPU
		Release|Any CPU = Release|Any CPU
	EndGlobalSection
	GlobalSection(ProjectConfigurationPlatforms) = postSolution
		{D2B408E2-CFFD-4F9A-96BF-5FE9F4C79864}.Debug|Any CPU.ActiveCfg = Debug|Any CPU
		{D2B408E2-CFFD-4F9A-96BF-5FE9F4C79864}.Debug|Any CPU.Build.0 = Debug|Any CPU
		{D2B408E2-CFFD-4F9A-96BF-5FE9F4C79864}.Release|Any CPU.ActiveCfg = Release|Any CPU
		{D2B408E2-CFFD-4F9A-96BF-5FE9F4C79864}.Release|Any CPU.Build.0 = Release|Any CPU
		{3CE6C120-1103-42BC-951C-EF41D31FD677}.Debug|Any CPU.ActiveCfg = Debug|Any CPU
		{3CE6C120-1103-42BC-951C-EF41D31FD677}.Debug|Any CPU.Build.0 = Debug|Any CPU
		{3CE6C120-1103-42BC-951C-EF41D31FD677}.Release|Any CPU.ActiveCfg = Release|Any CPU
		{3CE6C120-1103-42BC-951C-EF41D31FD677}.Release|Any CPU.Build.0 = Release|Any CPU
	EndGlobalSection
	GlobalSection(SolutionProperties) = preSolution
		HideSolutionNode = FALSE
	EndGlobalSection
EndGlobal
